
Microsoft Visual Studio Solution File, Format Version 12.00
# Visual Studio Version 17
VisualStudioVersion = 17.9.34728.123
MinimumVisualStudioVersion = 10.0.40219.1
Project("{FAE04EC0-301F-11D3-BF4B-00C04F79EFBC}") = "SuperConf2024", "Web/SuperConf2024.csproj", "{BB7AA786-8E3B-432D-A95B-23DE1FFAC842}"
EndProject
Global
	GlobalSection(SolutionConfigurationPlatforms) = preSolution
		Debug|Any CPU = Debug|Any CPU
		Release|Any CPU = Release|Any CPU
	EndGlobalSection
	GlobalSection(ProjectConfigurationPlatforms) = postSolution
		{BB7AA786-8E3B-432D-A95B-23DE1FFAC842}.Debug|Any CPU.ActiveCfg = Debug|Any CPU
		{BB7AA786-8E3B-432D-A95B-23DE1FFAC842}.Debug|Any CPU.Build.0 = Debug|Any CPU
		{BB7AA786-8E3B-432D-A95B-23DE1FFAC842}.Release|Any CPU.ActiveCfg = Release|Any CPU
		{BB7AA786-8E3B-432D-A95B-23DE1FFAC842}.Release|Any CPU.Build.0 = Release|Any CPU
	EndGlobalSection
	GlobalSection(SolutionProperties) = preSolution
		HideSolutionNode = FALSE
	EndGlobalSection
	GlobalSection(ExtensibilityGlobals) = postSolution
		SolutionGuid = {79C6281E-44B3-4382-87EA-030E45A4F74F}
	EndGlobalSection
EndGlobal
